
Microsoft Visual Studio Solution File, Format Version 12.00
# Visual Studio Version 16
VisualStudioVersion = 16.0.31624.102
MinimumVisualStudioVersion = 10.0.40219.1
Project("{8BC9CEB8-8B4A-11D0-8D11-00A0C91BC942}") = "epam_tranning_7_", "epam_tranning_7_.vcxproj", "{9863EDB8-8666-44E0-8A2C-8CC7BFCCE393}"
EndProject
Global
	GlobalSection(SolutionConfigurationPlatforms) = preSolution
		Debug|x64 = Debug|x64
		Debug|x86 = Debug|x86
		Release|x64 = Release|x64
		Release|x86 = Release|x86
	EndGlobalSection
	GlobalSection(ProjectConfigurationPlatforms) = postSolution
		{9863EDB8-8666-44E0-8A2C-8CC7BFCCE393}.Debug|x64.ActiveCfg = Debug|x64
		{9863EDB8-8666-44E0-8A2C-8CC7BFCCE393}.Debug|x64.Build.0 = Debug|x64
		{9863EDB8-8666-44E0-8A2C-8CC7BFCCE393}.Debug|x86.ActiveCfg = Debug|Win32
		{9863EDB8-8666-44E0-8A2C-8CC7BFCCE393}.Debug|x86.Build.0 = Debug|Win32
		{9863EDB8-8666-44E0-8A2C-8CC7BFCCE393}.Release|x64.ActiveCfg = Release|x64
		{9863EDB8-8666-44E0-8A2C-8CC7BFCCE393}.Release|x64.Build.0 = Release|x64
		{9863EDB8-8666-44E0-8A2C-8CC7BFCCE393}.Release|x86.ActiveCfg = Release|Win32
		{9863EDB8-8666-44E0-8A2C-8CC7BFCCE393}.Release|x86.Build.0 = Release|Win32
	EndGlobalSection
	GlobalSection(SolutionProperties) = preSolution
		HideSolutionNode = FALSE
	EndGlobalSection
	GlobalSection(ExtensibilityGlobals) = postSolution
		SolutionGuid = {0AB185E9-AF47-437D-A936-079E8057F20D}
	EndGlobalSection
EndGlobal
