
Microsoft Visual Studio Solution File, Format Version 12.00
# Visual Studio Version 16
VisualStudioVersion = 16.0.31624.102
MinimumVisualStudioVersion = 10.0.40219.1
Project("{8BC9CEB8-8B4A-11D0-8D11-00A0C91BC942}") = "epam_tranning_task_13", "epam_tranning_task_13.vcxproj", "{AB237AC7-7E8C-46F5-84D8-8F5A365AF2DC}"
EndProject
Global
	GlobalSection(SolutionConfigurationPlatforms) = preSolution
		Debug|x64 = Debug|x64
		Debug|x86 = Debug|x86
		Release|x64 = Release|x64
		Release|x86 = Release|x86
	EndGlobalSection
	GlobalSection(ProjectConfigurationPlatforms) = postSolution
		{AB237AC7-7E8C-46F5-84D8-8F5A365AF2DC}.Debug|x64.ActiveCfg = Debug|x64
		{AB237AC7-7E8C-46F5-84D8-8F5A365AF2DC}.Debug|x64.Build.0 = Debug|x64
		{AB237AC7-7E8C-46F5-84D8-8F5A365AF2DC}.Debug|x86.ActiveCfg = Debug|Win32
		{AB237AC7-7E8C-46F5-84D8-8F5A365AF2DC}.Debug|x86.Build.0 = Debug|Win32
		{AB237AC7-7E8C-46F5-84D8-8F5A365AF2DC}.Release|x64.ActiveCfg = Release|x64
		{AB237AC7-7E8C-46F5-84D8-8F5A365AF2DC}.Release|x64.Build.0 = Release|x64
		{AB237AC7-7E8C-46F5-84D8-8F5A365AF2DC}.Release|x86.ActiveCfg = Release|Win32
		{AB237AC7-7E8C-46F5-84D8-8F5A365AF2DC}.Release|x86.Build.0 = Release|Win32
	EndGlobalSection
	GlobalSection(SolutionProperties) = preSolution
		HideSolutionNode = FALSE
	EndGlobalSection
	GlobalSection(ExtensibilityGlobals) = postSolution
		SolutionGuid = {C9E8B870-D2A5-4539-8236-90D196000BFB}
	EndGlobalSection
EndGlobal
