
Microsoft Visual Studio Solution File, Format Version 12.00
# Visual Studio Version 17
VisualStudioVersion = 17.1.31903.286
MinimumVisualStudioVersion = 10.0.40219.1
Project("{8BC9CEB8-8B4A-11D0-8D11-00A0C91BC942}") = "epam_tranning_task_017", "epam_tranning_task_017\epam_tranning_task_017.vcxproj", "{41F14AC3-02D0-453D-9E8D-7FCF896E2DCD}"
EndProject
Global
	GlobalSection(SolutionConfigurationPlatforms) = preSolution
		Debug|x64 = Debug|x64
		Debug|x86 = Debug|x86
		Release|x64 = Release|x64
		Release|x86 = Release|x86
	EndGlobalSection
	GlobalSection(ProjectConfigurationPlatforms) = postSolution
		{41F14AC3-02D0-453D-9E8D-7FCF896E2DCD}.Debug|x64.ActiveCfg = Debug|x64
		{41F14AC3-02D0-453D-9E8D-7FCF896E2DCD}.Debug|x64.Build.0 = Debug|x64
		{41F14AC3-02D0-453D-9E8D-7FCF896E2DCD}.Debug|x86.ActiveCfg = Debug|Win32
		{41F14AC3-02D0-453D-9E8D-7FCF896E2DCD}.Debug|x86.Build.0 = Debug|Win32
		{41F14AC3-02D0-453D-9E8D-7FCF896E2DCD}.Release|x64.ActiveCfg = Release|x64
		{41F14AC3-02D0-453D-9E8D-7FCF896E2DCD}.Release|x64.Build.0 = Release|x64
		{41F14AC3-02D0-453D-9E8D-7FCF896E2DCD}.Release|x86.ActiveCfg = Release|Win32
		{41F14AC3-02D0-453D-9E8D-7FCF896E2DCD}.Release|x86.Build.0 = Release|Win32
	EndGlobalSection
	GlobalSection(SolutionProperties) = preSolution
		HideSolutionNode = FALSE
	EndGlobalSection
	GlobalSection(ExtensibilityGlobals) = postSolution
		SolutionGuid = {80FD4733-93A8-4E2E-B754-84BF3241BC4D}
	EndGlobalSection
EndGlobal
